
Microsoft Visual Studio Solution File, Format Version 12.00
# Visual Studio 2015
Project("{FAE04EC0-301F-11D3-BF4B-00C04F79EFBC}") = "Space Dock.CSharp", "Space Dock.CSharp.csproj", "{D6A8A983-FACD-7F9E-A92F-C5FBB4CDBA42}"
EndProject
Global
	GlobalSection(SolutionConfigurationPlatforms) = preSolution
		Debug|Any CPU = Debug|Any CPU
		Release|Any CPU = Release|Any CPU
	EndGlobalSection
	GlobalSection(ProjectConfigurationPlatforms) = postSolution
		{D6A8A983-FACD-7F9E-A92F-C5FBB4CDBA42}.Debug|Any CPU.ActiveCfg = Debug|Any CPU
		{D6A8A983-FACD-7F9E-A92F-C5FBB4CDBA42}.Debug|Any CPU.Build.0 = Debug|Any CPU
		{D6A8A983-FACD-7F9E-A92F-C5FBB4CDBA42}.Release|Any CPU.ActiveCfg = Release|Any CPU
		{D6A8A983-FACD-7F9E-A92F-C5FBB4CDBA42}.Release|Any CPU.Build.0 = Release|Any CPU
	EndGlobalSection
	GlobalSection(SolutionProperties) = preSolution
		HideSolutionNode = FALSE
	EndGlobalSection
EndGlobal
